{
  "name": "frida-objc-bridge",
  "version": "8.0.4",
  "lockfileVersion": 3,
  "requires": true,
  "packages": {
    "": {
      "name": "frida-objc-bridge",
      "version": "8.0.4",
      "license": "LGPL-2.0 WITH WxWindows-exception-3.1",
      "devDependencies": {
        "@types/frida-gum": "^18.8.2"
      }
    },
    "node_modules/@types/frida-gum": {
      "version": "18.8.2",
      "resolved": "https://registry.npmjs.org/@types/frida-gum/-/frida-gum-18.8.2.tgz",
      "integrity": "sha512-5KH6ITrKJQe1UWrNnbXXx3KXRe/Lx9I1EwkBdC+AMmlo9F5UC0PxdC959aGxhfjXBRIHWxXwXPi3JmeWIbeqeg==",
      "dev": true,
      "license": "MIT"
    }
  }
}
